# This file is autogenerated, do not edit; changes may be undone by the next 'dep ensure'.


[[projects]]
  digest = "1:20114d717d92911b2e1adeae28e1e2740929a006abfd86526967feff429ba93b"
  name = "github.com/aws/aws-lambda-go"
  packages = [
    "events",
    "lambda",
    "lambda/handlertrace",
    "lambda/messages",
    "lambdacontext",
  ]
  pruneopts = "UT"
  revision = "e5086e5a7e53f7039034fa29008221760b04ff79"
  version = "v1.13.2"

[[projects]]
  digest = "1:1503704240401b3d1ba972630c54214542509957775766bddfba60fbc756e1b4"
  name = "github.com/aws/aws-sdk-go"
  packages = [
    "aws",
    "aws/awserr",
    "aws/awsutil",
    "aws/client",
    "aws/client/metadata",
    "aws/corehandlers",
    "aws/credentials",
    "aws/credentials/ec2rolecreds",
    "aws/credentials/endpointcreds",
    "aws/credentials/processcreds",
    "aws/credentials/stscreds",
    "aws/crr",
    "aws/csm",
    "aws/defaults",
    "aws/ec2metadata",
    "aws/endpoints",
    "aws/request",
    "aws/session",
    "aws/signer/v4",
    "internal/ini",
    "internal/sdkio",
    "internal/sdkmath",
    "internal/sdkrand",
    "internal/sdkuri",
    "internal/shareddefaults",
    "private/protocol",
    "private/protocol/json/jsonutil",
    "private/protocol/jsonrpc",
    "private/protocol/query",
    "private/protocol/query/queryutil",
    "private/protocol/rest",
    "private/protocol/xml/xmlutil",
    "service/dynamodb",
    "service/dynamodb/dynamodbattribute",
    "service/sts",
    "service/sts/stsiface",
  ]
  pruneopts = "UT"
  revision = "7887c50469757b81cb4ce19343755fd7a8d0c808"
  version = "v1.25.10"

[[projects]]
  digest = "1:144921c08f29f07256e59988066fc43792710f716500832f867725e39373f90f"
  name = "github.com/fnproject/fdk-go"
  packages = ["."]
  pruneopts = "UT"
  revision = "e0af12e7b04464874b1b44b7b765d0054ded019f"
  version = "v0.0.1"

[[projects]]
  digest = "1:bb81097a5b62634f3e9fec1014657855610c82d19b9a40c17612e32651e35dca"
  name = "github.com/jmespath/go-jmespath"
  packages = ["."]
  pruneopts = "UT"
  revision = "c2b33e84"

[[projects]]
  digest = "1:c08f5d8cc28ed4dccb098121d5f1f19f708bf04e3bbd4b772ce6461de6ef1ca2"
  name = "github.com/teris-io/shortid"
  packages = ["."]
  pruneopts = "UT"
  revision = "6c56cef5189ca1b3d5ef01dc07f4d611dfc0bb33"
  version = "v1.0"

[solve-meta]
  analyzer-name = "dep"
  analyzer-version = 1
  input-imports = [
    "github.com/aws/aws-lambda-go/events",
    "github.com/aws/aws-lambda-go/lambda",
    "github.com/aws/aws-sdk-go/aws",
    "github.com/aws/aws-sdk-go/aws/session",
    "github.com/aws/aws-sdk-go/service/dynamodb",
    "github.com/aws/aws-sdk-go/service/dynamodb/dynamodbattribute",
    "github.com/fnproject/fdk-go",
    "github.com/teris-io/shortid",
  ]
  solver-name = "gps-cdcl"
  solver-version = 1
